
Microsoft Visual Studio Solution File, Format Version 12.00
# Visual Studio 2013
VisualStudioVersion = 12.0.31101.0
MinimumVisualStudioVersion = 10.0.40219.1
Project("{FAE04EC0-301F-11D3-BF4B-00C04F79EFBC}") = "Euler", "Euler\Euler.csproj", "{6967AF8E-89D3-46AC-9307-E3E5F16AB31F}"
EndProject
Project("{FAE04EC0-301F-11D3-BF4B-00C04F79EFBC}") = "EulerTests", "EulerTests\EulerTests.csproj", "{2C925174-2DAA-47DA-9C42-1C122308F293}"
EndProject
Project("{2150E333-8FDC-42A3-9474-1A3956D46DE8}") = "Solution Items", "Solution Items", "{43B38729-815E-4EF7-A3C3-E5789AC640D1}"
	ProjectSection(SolutionItems) = preProject
		README.md = README.md
	EndProjectSection
EndProject
Global
	GlobalSection(SolutionConfigurationPlatforms) = preSolution
		Debug|Any CPU = Debug|Any CPU
		Release|Any CPU = Release|Any CPU
	EndGlobalSection
	GlobalSection(ProjectConfigurationPlatforms) = postSolution
		{6967AF8E-89D3-46AC-9307-E3E5F16AB31F}.Debug|Any CPU.ActiveCfg = Debug|Any CPU
		{6967AF8E-89D3-46AC-9307-E3E5F16AB31F}.Debug|Any CPU.Build.0 = Debug|Any CPU
		{6967AF8E-89D3-46AC-9307-E3E5F16AB31F}.Release|Any CPU.ActiveCfg = Release|Any CPU
		{6967AF8E-89D3-46AC-9307-E3E5F16AB31F}.Release|Any CPU.Build.0 = Release|Any CPU
		{2C925174-2DAA-47DA-9C42-1C122308F293}.Debug|Any CPU.ActiveCfg = Debug|Any CPU
		{2C925174-2DAA-47DA-9C42-1C122308F293}.Debug|Any CPU.Build.0 = Debug|Any CPU
		{2C925174-2DAA-47DA-9C42-1C122308F293}.Release|Any CPU.ActiveCfg = Release|Any CPU
		{2C925174-2DAA-47DA-9C42-1C122308F293}.Release|Any CPU.Build.0 = Release|Any CPU
	EndGlobalSection
	GlobalSection(SolutionProperties) = preSolution
		HideSolutionNode = FALSE
	EndGlobalSection
EndGlobal
